
Microsoft Visual Studio Solution File, Format Version 12.00
# Visual Studio Version 16
VisualStudioVersion = 16.0.30128.74
MinimumVisualStudioVersion = 10.0.40219.1
Project("{FAE04EC0-301F-11D3-BF4B-00C04F79EFBC}") = "Bodega_Ventas", "Bodega_Ventas\Bodega_Ventas.csproj", "{8C6B53F4-F1AE-4A1D-BA11-64677930A139}"
EndProject
Project("{FAE04EC0-301F-11D3-BF4B-00C04F79EFBC}") = "Telerik_complemento_CS", "050 Telerik-complemento-CS\Telerik_complemento_CS\Telerik_complemento_CS\Telerik_complemento_CS.csproj", "{395C3EEA-D8B0-4CEE-8C46-770AE587A879}"
EndProject
Global
	GlobalSection(SolutionConfigurationPlatforms) = preSolution
		Debug|Any CPU = Debug|Any CPU
		Release|Any CPU = Release|Any CPU
	EndGlobalSection
	GlobalSection(ProjectConfigurationPlatforms) = postSolution
		{8C6B53F4-F1AE-4A1D-BA11-64677930A139}.Debug|Any CPU.ActiveCfg = Debug|Any CPU
		{8C6B53F4-F1AE-4A1D-BA11-64677930A139}.Debug|Any CPU.Build.0 = Debug|Any CPU
		{8C6B53F4-F1AE-4A1D-BA11-64677930A139}.Release|Any CPU.ActiveCfg = Release|Any CPU
		{8C6B53F4-F1AE-4A1D-BA11-64677930A139}.Release|Any CPU.Build.0 = Release|Any CPU
		{395C3EEA-D8B0-4CEE-8C46-770AE587A879}.Debug|Any CPU.ActiveCfg = Debug|Any CPU
		{395C3EEA-D8B0-4CEE-8C46-770AE587A879}.Debug|Any CPU.Build.0 = Debug|Any CPU
		{395C3EEA-D8B0-4CEE-8C46-770AE587A879}.Release|Any CPU.ActiveCfg = Release|Any CPU
		{395C3EEA-D8B0-4CEE-8C46-770AE587A879}.Release|Any CPU.Build.0 = Release|Any CPU
	EndGlobalSection
	GlobalSection(SolutionProperties) = preSolution
		HideSolutionNode = FALSE
	EndGlobalSection
	GlobalSection(ExtensibilityGlobals) = postSolution
		SolutionGuid = {92C514AB-62A7-4AE0-BBD2-E9CA7F2D9E68}
	EndGlobalSection
EndGlobal
